PODS:
  - Realm (2.4.3):
    - Realm/Headers (= 2.4.3)
  - Realm/Headers (2.4.3)
  - RealmManager (0.0.3):
    - RealmSwift (~> 2.4.1)
  - RealmSwift (2.4.3):
    - Realm (= 2.4.3)

DEPENDENCIES:
  - RealmManager (from `~/Documents/git/RealmManager`)

EXTERNAL SOURCES:
  RealmManager:
    :path: ~/Documents/git/RealmManager

SPEC CHECKSUMS:
  Realm: e08d60b0048ccccd3949c8c28a92c4db5712d7e9
  RealmManager: a5c12ce87953f057641aea5058ebb40cca738e25
  RealmSwift: 30d49739ccb3385d201242736ca4dda56aec9dfc

PODFILE CHECKSUM: 3b65ab2f6d14656e0e47c9257fdcc91d71609722

COCOAPODS: 1.1.1
